// !$*UTF8*$!
{
	archiveVersion = 1;
	classes = {
	};
	objectVersion = 46;
	objects = {

/* Begin PBXBuildFile section */
		280A76861E31F08900CA5AA3 /* AppDelegate.swift in Sources */ = {isa = PBXBuildFile; fileRef = 280A76851E31F08900CA5AA3 /* AppDelegate.swift */; };
		280A76881E31F08900CA5AA3 /* ViewController.swift in Sources */ = {isa = PBXBuildFile; fileRef = 280A76871E31F08900CA5AA3 /* ViewController.swift */; };
		280A768B1E31F08900CA5AA3 /* Main.storyboard in Resources */ = {isa = PBXBuildFile; fileRef = 280A76891E31F08900CA5AA3 /* Main.storyboard */; };
		280A768D1E31F08900CA5AA3 /* Assets.xcassets in Resources */ = {isa = PBXBuildFile; fileRef = 280A768C1E31F08900CA5AA3 /* Assets.xcassets */; };
		280A76901E31F08900CA5AA3 /* LaunchScreen.storyboard in Resources */ = {isa = PBXBuildFile; fileRef = 280A768E1E31F08900CA5AA3 /* LaunchScreen.storyboard */; };
		280A769E1E31F1AF00CA5AA3 /* AHAutoLayoutDSL-Swift.swift in Sources */ = {isa = PBXBuildFile; fileRef = 280A769D1E31F1AF00CA5AA3 /* AHAutoLayoutDSL-Swift.swift */; };
/* End PBXBuildFile section */

/* Begin PBXFileReference section */
		280A76821E31F08900CA5AA3 /* AHAutoLayout-Swift.app */ = {isa = PBXFileReference; explicitFileType = wrapper.application; includeInIndex = 0; path = "AHAutoLayout-Swift.app"; sourceTree = BUILT_PRODUCTS_DIR; };
		280A76851E31F08900CA5AA3 /* AppDelegate.swift */ = {isa = PBXFileReference; lastKnownFileType = sourcecode.swift; path = AppDelegate.swift; sourceTree = "<group>"; };
		280A76871E31F08900CA5AA3 /* ViewController.swift */ = {isa = PBXFileReference; lastKnownFileType = sourcecode.swift; path = ViewController.swift; sourceTree = "<group>"; };
		280A768A1E31F08900CA5AA3 /* Base */ = {isa = PBXFileReference; lastKnownFileType = file.storyboard; name = Base; path = Base.lproj/Main.storyboard; sourceTree = "<group>"; };
		280A768C1E31F08900CA5AA3 /* Assets.xcassets */ = {isa = PBXFileReference; lastKnownFileType = folder.assetcatalog; path = Assets.xcassets; sourceTree = "<group>"; };
		280A768F1E31F08900CA5AA3 /* Base */ = {isa = PBXFileReference; lastKnownFileType = file.storyboard; name = Base; path = Base.lproj/LaunchScreen.storyboard; sourceTree = "<group>"; };
		280A76911E31F08900CA5AA3 /* Info.plist */ = {isa = PBXFileReference; lastKnownFileType = text.plist.xml; path = Info.plist; sourceTree = "<group>"; };
		280A769D1E31F1AF00CA5AA3 /* AHAutoLayoutDSL-Swift.swift */ = {isa = PBXFileReference; fileEncoding = 4; lastKnownFileType = sourcecode.swift; path = "AHAutoLayoutDSL-Swift.swift"; sourceTree = "<group>"; };
/* End PBXFileReference section */

/* Begin PBXFrameworksBuildPhase section */
		280A767F1E31F08900CA5AA3 /* Frameworks */ = {
			isa = PBXFrameworksBuildPhase;
			buildActionMask = 2147483647;
			files = (
			);
			runOnlyForDeploymentPostprocessing = 0;
		};
/* End PBXFrameworksBuildPhase section */

/* Begin PBXGroup section */
		280A76791E31F08900CA5AA3 = {
			isa = PBXGroup;
			children = (
				280A769C1E31F1AF00CA5AA3 /* Source */,
				280A76841E31F08900CA5AA3 /* AHAutoLayout-Swift */,
				280A76831E31F08900CA5AA3 /* Products */,
			);
			sourceTree = "<group>";
		};
		280A76831E31F08900CA5AA3 /* Products */ = {
			isa = PBXGroup;
			children = (
				280A76821E31F08900CA5AA3 /* AHAutoLayout-Swift.app */,
			);
			name = Products;
			sourceTree = "<group>";
		};
		280A76841E31F08900CA5AA3 /* AHAutoLayout-Swift */ = {
			isa = PBXGroup;
			children = (
				280A76851E31F08900CA5AA3 /* AppDelegate.swift */,
				280A76871E31F08900CA5AA3 /* ViewController.swift */,
				280A76891E31F08900CA5AA3 /* Main.storyboard */,
				280A768C1E31F08900CA5AA3 /* Assets.xcassets */,
				280A768E1E31F08900CA5AA3 /* LaunchScreen.storyboard */,
				280A76911E31F08900CA5AA3 /* Info.plist */,
			);
			path = "AHAutoLayout-Swift";
			sourceTree = "<group>";
		};
		280A769C1E31F1AF00CA5AA3 /* Source */ = {
			isa = PBXGroup;
			children = (
				280A769D1E31F1AF00CA5AA3 /* AHAutoLayoutDSL-Swift.swift */,
			);
			path = Source;
			sourceTree = "<group>";
		};
/* End PBXGroup section */

/* Begin PBXNativeTarget section */
		280A76811E31F08900CA5AA3 /* AHAutoLayout-Swift */ = {
			isa = PBXNativeTarget;
			buildConfigurationList = 280A76941E31F08900CA5AA3 /* Build configuration list for PBXNativeTarget "AHAutoLayout-Swift" */;
			buildPhases = (
				280A767E1E31F08900CA5AA3 /* Sources */,
				280A767F1E31F08900CA5AA3 /* Frameworks */,
				280A76801E31F08900CA5AA3 /* Resources */,
			);
			buildRules = (
			);
			dependencies = (
			);
			name = "AHAutoLayout-Swift";
			productName = "AHAutoLayout-Swift";
			productReference = 280A76821E31F08900CA5AA3 /* AHAutoLayout-Swift.app */;
			productType = "com.apple.product-type.application";
		};
/* End PBXNativeTarget section */

/* Begin PBXProject section */
		280A767A1E31F08900CA5AA3 /* Project object */ = {
			isa = PBXProject;
			attributes = {
				LastSwiftUpdateCheck = 0820;
				LastUpgradeCheck = 0820;
				ORGANIZATIONNAME = Fantasy;
				TargetAttributes = {
					280A76811E31F08900CA5AA3 = {
						CreatedOnToolsVersion = 8.2.1;
						DevelopmentTeam = UH4LK6764C;
						ProvisioningStyle = Automatic;
					};
				};
			};
			buildConfigurationList = 280A767D1E31F08900CA5AA3 /* Build configuration list for PBXProject "AHAutoLayout-Swift" */;
			compatibilityVersion = "Xcode 3.2";
			developmentRegion = English;
			hasScannedForEncodings = 0;
			knownRegions = (
				en,
				Base,
			);
			mainGroup = 280A76791E31F08900CA5AA3;
			productRefGroup = 280A76831E31F08900CA5AA3 /* Products */;
			projectDirPath = "";
			projectRoot = "";
			targets = (
				280A76811E31F08900CA5AA3 /* AHAutoLayout-Swift */,
			);
		};
/* End PBXProject section */

/* Begin PBXResourcesBuildPhase section */
		280A76801E31F08900CA5AA3 /* Resources */ = {
			isa = PBXResourcesBuildPhase;
			buildActionMask = 2147483647;
			files = (
				280A76901E31F08900CA5AA3 /* LaunchScreen.storyboard in Resources */,
				280A768D1E31F08900CA5AA3 /* Assets.xcassets in Resources */,
				280A768B1E31F08900CA5AA3 /* Main.storyboard in Resources */,
			);
			runOnlyForDeploymentPostprocessing = 0;
		};
/* End PBXResourcesBuildPhase section */

/* Begin PBXSourcesBuildPhase section */
		280A767E1E31F08900CA5AA3 /* Sources */ = {
			isa = PBXSourcesBuildPhase;
			buildActionMask = 2147483647;
			files = (
				280A76881E31F08900CA5AA3 /* ViewController.swift in Sources */,
				280A76861E31F08900CA5AA3 /* AppDelegate.swift in Sources */,
				280A769E1E31F1AF00CA5AA3 /* AHAutoLayoutDSL-Swift.swift in Sources */,
			);
			runOnlyForDeploymentPostprocessing = 0;
		};
/* End PBXSourcesBuildPhase section */

/* Begin PBXVariantGroup section */
		280A76891E31F08900CA5AA3 /* Main.storyboard */ = {
			isa = PBXVariantGroup;
			children = (
				280A768A1E31F08900CA5AA3 /* Base */,
			);
			name = Main.storyboard;
			sourceTree = "<group>";
		};
		280A768E1E31F08900CA5AA3 /* LaunchScreen.storyboard */ = {
			isa = PBXVariantGroup;
			children = (
				280A768F1E31F08900CA5AA3 /* Base */,
			);
			name = LaunchScreen.storyboard;
			sourceTree = "<group>";
		};
/* End PBXVariantGroup section */

/* Begin XCBuildConfiguration section */
		280A76921E31F08900CA5AA3 /* Debug */ = {
			isa = XCBuildConfiguration;
			buildSettings = {
				ALWAYS_SEARCH_USER_PATHS = NO;
				CLANG_ANALYZER_NONNULL = YES;
				CLANG_CXX_LANGUAGE_STANDARD = "gnu++0x";
				CLANG_CXX_LIBRARY = "libc++";
				CLANG_ENABLE_MODULES = YES;
				CLANG_ENABLE_OBJC_ARC = YES;
				CLANG_WARN_BOOL_CONVERSION = YES;
				CLANG_WARN_CONSTANT_CONVERSION = YES;
				CLANG_WARN_DIRECT_OBJC_ISA_USAGE = YES_ERROR;
				CLANG_WARN_DOCUMENTATION_COMMENTS = YES;
				CLANG_WARN_EMPTY_BODY = YES;
				CLANG_WARN_ENUM_CONVERSION = YES;
				CLANG_WARN_INFINITE_RECURSION = YES;
				CLANG_WARN_INT_CONVERSION = YES;
				CLANG_WARN_OBJC_ROOT_CLASS = YES_ERROR;
				CLANG_WARN_SUSPICIOUS_MOVE = YES;
				CLANG_WARN_UNREACHABLE_CODE = YES;
				CLANG_WARN__DUPLICATE_METHOD_MATCH = YES;
				"CODE_SIGN_IDENTITY[sdk=iphoneos*]" = "iPhone Developer";
				COPY_PHASE_STRIP = NO;
				DEBUG_INFORMATION_FORMAT = dwarf;
				ENABLE_STRICT_OBJC_MSGSEND = YES;
				ENABLE_TESTABILITY = YES;
				GCC_C_LANGUAGE_STANDARD = gnu99;
				GCC_DYNAMIC_NO_PIC = NO;
				GCC_NO_COMMON_BLOCKS = YES;
				GCC_OPTIMIZATION_LEVEL = 0;
				GCC_PREPROCESSOR_DEFINITIONS = (
					"DEBUG=1",
					"$(inherited)",
				);
				GCC_WARN_64_TO_32_BIT_CONVERSION = YES;
				GCC_WARN_ABOUT_RETURN_TYPE = YES_ERROR;
				GCC_WARN_UNDECLARED_SELECTOR = YES;
				GCC_WARN_UNINITIALIZED_AUTOS = YES_AGGRESSIVE;
				GCC_WARN_UNUSED_FUNCTION = YES;
				GCC_WARN_UNUSED_VARIABLE = YES;
				IPHONEOS_DEPLOYMENT_TARGET = 10.2;
				MTL_ENABLE_DEBUG_INFO = YES;
				ONLY_ACTIVE_ARCH = YES;
				SDKROOT = iphoneos;
				SWIFT_ACTIVE_COMPILATION_CONDITIONS = DEBUG;
				SWIFT_OPTIMIZATION_LEVEL = "-Onone";
			};
			name = Debug;
		};
		280A76931E31F08900CA5AA3 /* Release */ = {
			isa = XCBuildConfiguration;
			buildSettings = {
				ALWAYS_SEARCH_USER_PATHS = NO;
				CLANG_ANALYZER_NONNULL = YES;
				CLANG_CXX_LANGUAGE_STANDARD = "gnu++0x";
				CLANG_CXX_LIBRARY = "libc++";
				CLANG_ENABLE_MODULES = YES;
				CLANG_ENABLE_OBJC_ARC = YES;
				CLANG_WARN_BOOL_CONVERSION = YES;
				CLANG_WARN_CONSTANT_CONVERSION = YES;
				CLANG_WARN_DIRECT_OBJC_ISA_USAGE = YES_ERROR;
				CLANG_WARN_DOCUMENTATION_COMMENTS = YES;
				CLANG_WARN_EMPTY_BODY = YES;
				CLANG_WARN_ENUM_CONVERSION = YES;
				CLANG_WARN_INFINITE_RECURSION = YES;
				CLANG_WARN_INT_CONVERSION = YES;
				CLANG_WARN_OBJC_ROOT_CLASS = YES_ERROR;
				CLANG_WARN_SUSPICIOUS_MOVE = YES;
				CLANG_WARN_UNREACHABLE_CODE = YES;
				CLANG_WARN__DUPLICATE_METHOD_MATCH = YES;
				"CODE_SIGN_IDENTITY[sdk=iphoneos*]" = "iPhone Developer";
				COPY_PHASE_STRIP = NO;
				DEBUG_INFORMATION_FORMAT = "dwarf-with-dsym";
				ENABLE_NS_ASSERTIONS = NO;
				ENABLE_STRICT_OBJC_MSGSEND = YES;
				GCC_C_LANGUAGE_STANDARD = gnu99;
				GCC_NO_COMMON_BLOCKS = YES;
				GCC_WARN_64_TO_32_BIT_CONVERSION = YES;
				GCC_WARN_ABOUT_RETURN_TYPE = YES_ERROR;
				GCC_WARN_UNDECLARED_SELECTOR = YES;
				GCC_WARN_UNINITIALIZED_AUTOS = YES_AGGRESSIVE;
				GCC_WARN_UNUSED_FUNCTION = YES;
				GCC_WARN_UNUSED_VARIABLE = YES;
				IPHONEOS_DEPLOYMENT_TARGET = 10.2;
				MTL_ENABLE_DEBUG_INFO = NO;
				SDKROOT = iphoneos;
				SWIFT_OPTIMIZATION_LEVEL = "-Owholemodule";
				VALIDATE_PRODUCT = YES;
			};
			name = Release;
		};
		280A76951E31F08900CA5AA3 /* Debug */ = {
			isa = XCBuildConfiguration;
			buildSettings = {
				ASSETCATALOG_COMPILER_APPICON_NAME = AppIcon;
				DEVELOPMENT_TEAM = UH4LK6764C;
				INFOPLIST_FILE = "AHAutoLayout-Swift/Info.plist";
				LD_RUNPATH_SEARCH_PATHS = "$(inherited) @executable_path/Frameworks";
				PRODUCT_BUNDLE_IDENTIFIER = "com.fantasy.AHAutoLayout-Swift";
				PRODUCT_NAME = "$(TARGET_NAME)";
				SWIFT_VERSION = "";
			};
			name = Debug;
		};
		280A76961E31F08900CA5AA3 /* Release */ = {
			isa = XCBuildConfiguration;
			buildSettings = {
				ASSETCATALOG_COMPILER_APPICON_NAME = AppIcon;
				DEVELOPMENT_TEAM = UH4LK6764C;
				INFOPLIST_FILE = "AHAutoLayout-Swift/Info.plist";
				LD_RUNPATH_SEARCH_PATHS = "$(inherited) @executable_path/Frameworks";
				PRODUCT_BUNDLE_IDENTIFIER = "com.fantasy.AHAutoLayout-Swift";
				PRODUCT_NAME = "$(TARGET_NAME)";
				SWIFT_VERSION = "";
			};
			name = Release;
		};
/* End XCBuildConfiguration section */

/* Begin XCConfigurationList section */
		280A767D1E31F08900CA5AA3 /* Build configuration list for PBXProject "AHAutoLayout-Swift" */ = {
			isa = XCConfigurationList;
			buildConfigurations = (
				280A76921E31F08900CA5AA3 /* Debug */,
				280A76931E31F08900CA5AA3 /* Release */,
			);
			defaultConfigurationIsVisible = 0;
			defaultConfigurationName = Release;
		};
		280A76941E31F08900CA5AA3 /* Build configuration list for PBXNativeTarget "AHAutoLayout-Swift" */ = {
			isa = XCConfigurationList;
			buildConfigurations = (
				280A76951E31F08900CA5AA3 /* Debug */,
				280A76961E31F08900CA5AA3 /* Release */,
			);
			defaultConfigurationIsVisible = 0;
		};
/* End XCConfigurationList section */
	};
	rootObject = 280A767A1E31F08900CA5AA3 /* Project object */;
}
